
Microsoft Visual Studio Solution File, Format Version 12.00
# Visual Studio 14
VisualStudioVersion = 14.0.25420.1
MinimumVisualStudioVersion = 10.0.40219.1
Project("{FAE04EC0-301F-11D3-BF4B-00C04F79EFBC}") = "RioValleyChili.Data", "src\app\RioValleyChili.Data\RioValleyChili.Data.csproj", "{913719C1-AB84-4D23-A9D0-4637A5B14CFA}"
	GlobalSection(HgVSProperties) = preSolution
		SolutionIsControlled = True
		SolutionBindings = <Solution Location In Database>
	EndGlobalSection
EndProject
Project("{2150E333-8FDC-42A3-9474-1A3956D46DE8}") = "Client", "Client", "{7C76C25B-0B49-4C55-8DB5-E24283A366AA}"
	GlobalSection(HgVSProperties) = preSolution
		SolutionIsControlled = True
		SolutionBindings = <Solution Location In Database>
	EndGlobalSection
EndProject
Project("{2150E333-8FDC-42A3-9474-1A3956D46DE8}") = "Data", "Data", "{461BB9C7-BB16-4830-B6D7-FC10560277B5}"
	GlobalSection(HgVSProperties) = preSolution
		SolutionIsControlled = True
		SolutionBindings = <Solution Location In Database>
	EndGlobalSection
EndProject
Project("{FAE04EC0-301F-11D3-BF4B-00C04F79EFBC}") = "RioValleyChili.Data.Initialize", "src\app\RioValleyChili.Data.Initialize\RioValleyChili.Data.Initialize.csproj", "{487769FA-61D3-4D08-BF26-605444CB091B}"
	GlobalSection(HgVSProperties) = preSolution
		SolutionIsControlled = True
		SolutionBindings = <Solution Location In Database>
	EndGlobalSection
EndProject
Project("{FAE04EC0-301F-11D3-BF4B-00C04F79EFBC}") = "RioValleyChili.Data.Models", "src\app\RioValleyChili.Data.Models\RioValleyChili.Data.Models.csproj", "{12191B6E-B491-4398-83D2-4878ECBDAFD1}"
	GlobalSection(HgVSProperties) = preSolution
		SolutionIsControlled = True
		SolutionBindings = <Solution Location In Database>
	EndGlobalSection
EndProject
Project("{FAE04EC0-301F-11D3-BF4B-00C04F79EFBC}") = "RioValleyChili.Client.Mvc", "src\app\RioValleyChili.Client.Mvc\RioValleyChili.Client.Mvc.csproj", "{9AE6169C-2597-441A-A025-F0A146D7B883}"
	GlobalSection(HgVSProperties) = preSolution
		SolutionIsControlled = True
		SolutionBindings = <Solution Location In Database>
	EndGlobalSection
EndProject
Project("{FAE04EC0-301F-11D3-BF4B-00C04F79EFBC}") = "RioValleyChili.Data.DataSeeders", "src\app\RioValleyChili.Data.DataSeeders\RioValleyChili.Data.DataSeeders.csproj", "{85D65F40-441A-4EF2-9247-996F00501568}"
	GlobalSection(HgVSProperties) = preSolution
		SolutionIsControlled = True
		SolutionBindings = <Solution Location In Database>
	EndGlobalSection
EndProject
Project("{FAE04EC0-301F-11D3-BF4B-00C04F79EFBC}") = "RioValleyChili.Client.Mvc.Tests", "src\test\RioValleyChili.Client.Mvc.Tests\RioValleyChili.Client.Mvc.Tests.csproj", "{9CBB8297-ECB1-4004-8783-9D2950705163}"
	GlobalSection(HgVSProperties) = preSolution
		SolutionIsControlled = True
		SolutionBindings = <Solution Location In Database>
	EndGlobalSection
EndProject
Project("{FAE04EC0-301F-11D3-BF4B-00C04F79EFBC}") = "RioValleyChili.Core", "src\app\RioValleyChili.Core\RioValleyChili.Core.csproj", "{B4A2B7DA-4F15-4B75-A65F-025C32564EA0}"
	GlobalSection(HgVSProperties) = preSolution
		SolutionIsControlled = True
		SolutionBindings = <Solution Location In Database>
	EndGlobalSection
EndProject
Project("{FAE04EC0-301F-11D3-BF4B-00C04F79EFBC}") = "RioValleyChili.Client.Reporting", "src\app\RioValleyChili.Client.Reporting\RioValleyChili.Client.Reporting.csproj", "{142A3CC8-18CA-4E20-BF46-B1A4AF9FE33B}"
	GlobalSection(HgVSProperties) = preSolution
		SolutionIsControlled = True
		SolutionBindings = <Solution Location In Database>
	EndGlobalSection
EndProject
Project("{FAE04EC0-301F-11D3-BF4B-00C04F79EFBC}") = "DataLoadCompletion", "DataLoadCompletion\DataLoadCompletion.csproj", "{6E738961-1C68-4A35-8398-078DFBA7A1DB}"
	GlobalSection(HgVSProperties) = preSolution
		SolutionIsControlled = True
		SolutionBindings = <Solution Location In Database>
	EndGlobalSection
EndProject
Project("{FAE04EC0-301F-11D3-BF4B-00C04F79EFBC}") = "LotKeyTranslator", "src\app\LotKeyTranslator\LotKeyTranslator.csproj", "{FB2F95CD-C73C-4524-A0CE-65E147CF8658}"
	GlobalSection(HgVSProperties) = preSolution
		SolutionIsControlled = True
		SolutionBindings = <Solution Location In Database>
	EndGlobalSection
EndProject
Project("{FAE04EC0-301F-11D3-BF4B-00C04F79EFBC}") = "RioValleyChili.Client.Core", "src\app\RioValleyChili.Client.Core\RioValleyChili.Client.Core.csproj", "{1006BA6A-696F-49A3-BEA6-DD5B9060993B}"
	GlobalSection(HgVSProperties) = preSolution
		SolutionIsControlled = True
		SolutionBindings = <Solution Location In Database>
	EndGlobalSection
EndProject
Project("{FAE04EC0-301F-11D3-BF4B-00C04F79EFBC}") = "RioValleyChili.Services", "src\app\RioValleyChili.Services\RioValleyChili.Services.csproj", "{C8EE53F8-2D06-4AB3-AF2E-908CCBADB663}"
	GlobalSection(HgVSProperties) = preSolution
		SolutionIsControlled = True
		SolutionBindings = <Solution Location In Database>
	EndGlobalSection
EndProject
Project("{2150E333-8FDC-42A3-9474-1A3956D46DE8}") = "Business", "Business", "{9BA721C9-C562-442A-A3AE-3AB0AC387BC6}"
	GlobalSection(HgVSProperties) = preSolution
		SolutionIsControlled = True
		SolutionBindings = <Solution Location In Database>
	EndGlobalSection
EndProject
Project("{FAE04EC0-301F-11D3-BF4B-00C04F79EFBC}") = "RioValleyChili.Business.Core", "src\app\RioValleyChili.Business.Core\RioValleyChili.Business.Core.csproj", "{8C1D922C-F8EE-43CF-B7CF-F75FFF37156A}"
	GlobalSection(HgVSProperties) = preSolution
		SolutionIsControlled = True
		SolutionBindings = <Solution Location In Database>
	EndGlobalSection
EndProject
Project("{FAE04EC0-301F-11D3-BF4B-00C04F79EFBC}") = "RioValleyChili.Services.Interfaces", "src\app\RioValleyChili.Services.Interfaces\RioValleyChili.Services.Interfaces.csproj", "{3E39194C-CC95-4A72-83D1-02C8572D2804}"
	GlobalSection(HgVSProperties) = preSolution
		SolutionIsControlled = True
		SolutionBindings = <Solution Location In Database>
	EndGlobalSection
EndProject
Project("{FAE04EC0-301F-11D3-BF4B-00C04F79EFBC}") = "RioValleyChili.Services.Models", "src\app\RioValleyChili.Services.Models\RioValleyChili.Services.Models.csproj", "{9824AB54-2038-489D-97EA-176FE0F0CBA8}"
	GlobalSection(HgVSProperties) = preSolution
		SolutionIsControlled = True
		SolutionBindings = <Solution Location In Database>
	EndGlobalSection
EndProject
Project("{FAE04EC0-301F-11D3-BF4B-00C04F79EFBC}") = "RioValleyChili.Services.OldContextSynchronization", "src\app\RioValleyChili.Services.OldContextSynchronization\RioValleyChili.Services.OldContextSynchronization.csproj", "{F6A20D58-18ED-49DE-B66A-FA3D7763FD46}"
	GlobalSection(HgVSProperties) = preSolution
		SolutionIsControlled = True
		SolutionBindings = <Solution Location In Database>
	EndGlobalSection
EndProject
Project("{FAE04EC0-301F-11D3-BF4B-00C04F79EFBC}") = "RioValleyChili.Services.OldContextSynchronization.Tests", "src\test\RioValleyChili.Services.OldContextSynchronization.Tests\RioValleyChili.Services.OldContextSynchronization.Tests.csproj", "{0FD98837-4D45-46AF-AE7A-F81BF1C434BE}"
	GlobalSection(HgVSProperties) = preSolution
		SolutionIsControlled = True
		SolutionBindings = <Solution Location In Database>
	EndGlobalSection
EndProject
Project("{FAE04EC0-301F-11D3-BF4B-00C04F79EFBC}") = "RioValleyChili.Services.Tests", "src\test\RioValleyChili.Services.Tests\RioValleyChili.Services.Tests.csproj", "{F27F89E6-F2D2-46F8-8C9B-467FD9EE8333}"
	GlobalSection(HgVSProperties) = preSolution
		SolutionIsControlled = True
		SolutionBindings = <Solution Location In Database>
	EndGlobalSection
EndProject
Project("{FAE04EC0-301F-11D3-BF4B-00C04F79EFBC}") = "RioValleyChili.Services.Utilities", "src\app\RioValleyChili.Services.Utilities\RioValleyChili.Services.Utilities.csproj", "{5097E4E2-948C-48C9-9857-A035961A6CA3}"
	GlobalSection(HgVSProperties) = preSolution
		SolutionIsControlled = True
		SolutionBindings = <Solution Location In Database>
	EndGlobalSection
EndProject
Global
	GlobalSection(SolutionConfigurationPlatforms) = preSolution
		Debug|Any CPU = Debug|Any CPU
		Debug|ARM = Debug|ARM
		Debug|Mixed Platforms = Debug|Mixed Platforms
		Debug|x64 = Debug|x64
		Debug|x86 = Debug|x86
		Release|Any CPU = Release|Any CPU
		Release|ARM = Release|ARM
		Release|Mixed Platforms = Release|Mixed Platforms
		Release|x64 = Release|x64
		Release|x86 = Release|x86
		Testing|Any CPU = Testing|Any CPU
		Testing|ARM = Testing|ARM
		Testing|Mixed Platforms = Testing|Mixed Platforms
		Testing|x64 = Testing|x64
		Testing|x86 = Testing|x86
	EndGlobalSection
	GlobalSection(ProjectConfigurationPlatforms) = postSolution
		{913719C1-AB84-4D23-A9D0-4637A5B14CFA}.Debug|Any CPU.ActiveCfg = Debug|Any CPU
		{913719C1-AB84-4D23-A9D0-4637A5B14CFA}.Debug|Any CPU.Build.0 = Debug|Any CPU
		{913719C1-AB84-4D23-A9D0-4637A5B14CFA}.Debug|ARM.ActiveCfg = Debug|Any CPU
		{913719C1-AB84-4D23-A9D0-4637A5B14CFA}.Debug|Mixed Platforms.ActiveCfg = Debug|Any CPU
		{913719C1-AB84-4D23-A9D0-4637A5B14CFA}.Debug|Mixed Platforms.Build.0 = Debug|Any CPU
		{913719C1-AB84-4D23-A9D0-4637A5B14CFA}.Debug|x64.ActiveCfg = Debug|Any CPU
		{913719C1-AB84-4D23-A9D0-4637A5B14CFA}.Debug|x86.ActiveCfg = Debug|Any CPU
		{913719C1-AB84-4D23-A9D0-4637A5B14CFA}.Debug|x86.Build.0 = Debug|Any CPU
		{913719C1-AB84-4D23-A9D0-4637A5B14CFA}.Release|Any CPU.ActiveCfg = Release|Any CPU
		{913719C1-AB84-4D23-A9D0-4637A5B14CFA}.Release|Any CPU.Build.0 = Release|Any CPU
		{913719C1-AB84-4D23-A9D0-4637A5B14CFA}.Release|ARM.ActiveCfg = Release|Any CPU
		{913719C1-AB84-4D23-A9D0-4637A5B14CFA}.Release|Mixed Platforms.ActiveCfg = Release|Any CPU
		{913719C1-AB84-4D23-A9D0-4637A5B14CFA}.Release|Mixed Platforms.Build.0 = Release|Any CPU
		{913719C1-AB84-4D23-A9D0-4637A5B14CFA}.Release|x64.ActiveCfg = Release|Any CPU
		{913719C1-AB84-4D23-A9D0-4637A5B14CFA}.Release|x86.ActiveCfg = Release|Any CPU
		{913719C1-AB84-4D23-A9D0-4637A5B14CFA}.Release|x86.Build.0 = Release|Any CPU
		{913719C1-AB84-4D23-A9D0-4637A5B14CFA}.Testing|Any CPU.ActiveCfg = Testing|Any CPU
		{913719C1-AB84-4D23-A9D0-4637A5B14CFA}.Testing|Any CPU.Build.0 = Testing|Any CPU
		{913719C1-AB84-4D23-A9D0-4637A5B14CFA}.Testing|ARM.ActiveCfg = Testing|Any CPU
		{913719C1-AB84-4D23-A9D0-4637A5B14CFA}.Testing|Mixed Platforms.ActiveCfg = Debug|Any CPU
		{913719C1-AB84-4D23-A9D0-4637A5B14CFA}.Testing|Mixed Platforms.Build.0 = Debug|Any CPU
		{913719C1-AB84-4D23-A9D0-4637A5B14CFA}.Testing|x64.ActiveCfg = Testing|Any CPU
		{913719C1-AB84-4D23-A9D0-4637A5B14CFA}.Testing|x86.ActiveCfg = Testing|Any CPU
		{913719C1-AB84-4D23-A9D0-4637A5B14CFA}.Testing|x86.Build.0 = Testing|Any CPU
		{487769FA-61D3-4D08-BF26-605444CB091B}.Debug|Any CPU.ActiveCfg = Debug|Any CPU
		{487769FA-61D3-4D08-BF26-605444CB091B}.Debug|Any CPU.Build.0 = Debug|Any CPU
		{487769FA-61D3-4D08-BF26-605444CB091B}.Debug|ARM.ActiveCfg = Debug|Any CPU
		{487769FA-61D3-4D08-BF26-605444CB091B}.Debug|Mixed Platforms.ActiveCfg = Debug|Any CPU
		{487769FA-61D3-4D08-BF26-605444CB091B}.Debug|Mixed Platforms.Build.0 = Debug|Any CPU
		{487769FA-61D3-4D08-BF26-605444CB091B}.Debug|x64.ActiveCfg = Debug|Any CPU
		{487769FA-61D3-4D08-BF26-605444CB091B}.Debug|x86.ActiveCfg = Debug|Any CPU
		{487769FA-61D3-4D08-BF26-605444CB091B}.Debug|x86.Build.0 = Debug|Any CPU
		{487769FA-61D3-4D08-BF26-605444CB091B}.Release|Any CPU.ActiveCfg = Release|Any CPU
		{487769FA-61D3-4D08-BF26-605444CB091B}.Release|Any CPU.Build.0 = Release|Any CPU
		{487769FA-61D3-4D08-BF26-605444CB091B}.Release|ARM.ActiveCfg = Release|Any CPU
		{487769FA-61D3-4D08-BF26-605444CB091B}.Release|Mixed Platforms.ActiveCfg = Release|Any CPU
		{487769FA-61D3-4D08-BF26-605444CB091B}.Release|Mixed Platforms.Build.0 = Release|Any CPU
		{487769FA-61D3-4D08-BF26-605444CB091B}.Release|x64.ActiveCfg = Release|Any CPU
		{487769FA-61D3-4D08-BF26-605444CB091B}.Release|x86.ActiveCfg = Release|Any CPU
		{487769FA-61D3-4D08-BF26-605444CB091B}.Release|x86.Build.0 = Release|Any CPU
		{487769FA-61D3-4D08-BF26-605444CB091B}.Testing|Any CPU.ActiveCfg = Testing|Any CPU
		{487769FA-61D3-4D08-BF26-605444CB091B}.Testing|Any CPU.Build.0 = Testing|Any CPU
		{487769FA-61D3-4D08-BF26-605444CB091B}.Testing|ARM.ActiveCfg = Testing|Any CPU
		{487769FA-61D3-4D08-BF26-605444CB091B}.Testing|Mixed Platforms.ActiveCfg = Debug|Any CPU
		{487769FA-61D3-4D08-BF26-605444CB091B}.Testing|Mixed Platforms.Build.0 = Debug|Any CPU
		{487769FA-61D3-4D08-BF26-605444CB091B}.Testing|x64.ActiveCfg = Testing|Any CPU
		{487769FA-61D3-4D08-BF26-605444CB091B}.Testing|x86.ActiveCfg = Testing|Any CPU
		{487769FA-61D3-4D08-BF26-605444CB091B}.Testing|x86.Build.0 = Testing|Any CPU
		{12191B6E-B491-4398-83D2-4878ECBDAFD1}.Debug|Any CPU.ActiveCfg = Debug|Any CPU
		{12191B6E-B491-4398-83D2-4878ECBDAFD1}.Debug|Any CPU.Build.0 = Debug|Any CPU
		{12191B6E-B491-4398-83D2-4878ECBDAFD1}.Debug|ARM.ActiveCfg = Debug|Any CPU
		{12191B6E-B491-4398-83D2-4878ECBDAFD1}.Debug|Mixed Platforms.ActiveCfg = Debug|Any CPU
		{12191B6E-B491-4398-83D2-4878ECBDAFD1}.Debug|Mixed Platforms.Build.0 = Debug|Any CPU
		{12191B6E-B491-4398-83D2-4878ECBDAFD1}.Debug|x64.ActiveCfg = Debug|Any CPU
		{12191B6E-B491-4398-83D2-4878ECBDAFD1}.Debug|x86.ActiveCfg = Debug|Any CPU
		{12191B6E-B491-4398-83D2-4878ECBDAFD1}.Debug|x86.Build.0 = Debug|Any CPU
		{12191B6E-B491-4398-83D2-4878ECBDAFD1}.Release|Any CPU.ActiveCfg = Release|Any CPU
		{12191B6E-B491-4398-83D2-4878ECBDAFD1}.Release|Any CPU.Build.0 = Release|Any CPU
		{12191B6E-B491-4398-83D2-4878ECBDAFD1}.Release|ARM.ActiveCfg = Release|Any CPU
		{12191B6E-B491-4398-83D2-4878ECBDAFD1}.Release|Mixed Platforms.ActiveCfg = Release|Any CPU
		{12191B6E-B491-4398-83D2-4878ECBDAFD1}.Release|Mixed Platforms.Build.0 = Release|Any CPU
		{12191B6E-B491-4398-83D2-4878ECBDAFD1}.Release|x64.ActiveCfg = Release|Any CPU
		{12191B6E-B491-4398-83D2-4878ECBDAFD1}.Release|x86.ActiveCfg = Release|Any CPU
		{12191B6E-B491-4398-83D2-4878ECBDAFD1}.Release|x86.Build.0 = Release|Any CPU
		{12191B6E-B491-4398-83D2-4878ECBDAFD1}.Testing|Any CPU.ActiveCfg = Testing|Any CPU
		{12191B6E-B491-4398-83D2-4878ECBDAFD1}.Testing|Any CPU.Build.0 = Testing|Any CPU
		{12191B6E-B491-4398-83D2-4878ECBDAFD1}.Testing|ARM.ActiveCfg = Testing|Any CPU
		{12191B6E-B491-4398-83D2-4878ECBDAFD1}.Testing|Mixed Platforms.ActiveCfg = Debug|Any CPU
		{12191B6E-B491-4398-83D2-4878ECBDAFD1}.Testing|Mixed Platforms.Build.0 = Debug|Any CPU
		{12191B6E-B491-4398-83D2-4878ECBDAFD1}.Testing|x64.ActiveCfg = Testing|Any CPU
		{12191B6E-B491-4398-83D2-4878ECBDAFD1}.Testing|x86.ActiveCfg = Testing|Any CPU
		{12191B6E-B491-4398-83D2-4878ECBDAFD1}.Testing|x86.Build.0 = Testing|Any CPU
		{9AE6169C-2597-441A-A025-F0A146D7B883}.Debug|Any CPU.ActiveCfg = Debug|Any CPU
		{9AE6169C-2597-441A-A025-F0A146D7B883}.Debug|Any CPU.Build.0 = Debug|Any CPU
		{9AE6169C-2597-441A-A025-F0A146D7B883}.Debug|ARM.ActiveCfg = Debug|Any CPU
		{9AE6169C-2597-441A-A025-F0A146D7B883}.Debug|Mixed Platforms.ActiveCfg = Debug|Any CPU
		{9AE6169C-2597-441A-A025-F0A146D7B883}.Debug|Mixed Platforms.Build.0 = Debug|Any CPU
		{9AE6169C-2597-441A-A025-F0A146D7B883}.Debug|x64.ActiveCfg = Debug|Any CPU
		{9AE6169C-2597-441A-A025-F0A146D7B883}.Debug|x86.ActiveCfg = Debug|Any CPU
		{9AE6169C-2597-441A-A025-F0A146D7B883}.Debug|x86.Build.0 = Debug|Any CPU
		{9AE6169C-2597-441A-A025-F0A146D7B883}.Release|Any CPU.ActiveCfg = Release|Any CPU
		{9AE6169C-2597-441A-A025-F0A146D7B883}.Release|Any CPU.Build.0 = Release|Any CPU
		{9AE6169C-2597-441A-A025-F0A146D7B883}.Release|ARM.ActiveCfg = Release|Any CPU
		{9AE6169C-2597-441A-A025-F0A146D7B883}.Release|Mixed Platforms.ActiveCfg = Release|Any CPU
		{9AE6169C-2597-441A-A025-F0A146D7B883}.Release|Mixed Platforms.Build.0 = Release|Any CPU
		{9AE6169C-2597-441A-A025-F0A146D7B883}.Release|x64.ActiveCfg = Release|Any CPU
		{9AE6169C-2597-441A-A025-F0A146D7B883}.Release|x86.ActiveCfg = Release|Any CPU
		{9AE6169C-2597-441A-A025-F0A146D7B883}.Release|x86.Build.0 = Release|Any CPU
		{9AE6169C-2597-441A-A025-F0A146D7B883}.Testing|Any CPU.ActiveCfg = Testing|Any CPU
		{9AE6169C-2597-441A-A025-F0A146D7B883}.Testing|Any CPU.Build.0 = Testing|Any CPU
		{9AE6169C-2597-441A-A025-F0A146D7B883}.Testing|ARM.ActiveCfg = Testing|Any CPU
		{9AE6169C-2597-441A-A025-F0A146D7B883}.Testing|Mixed Platforms.ActiveCfg = Testing|Any CPU
		{9AE6169C-2597-441A-A025-F0A146D7B883}.Testing|Mixed Platforms.Build.0 = Testing|Any CPU
		{9AE6169C-2597-441A-A025-F0A146D7B883}.Testing|x64.ActiveCfg = Testing|Any CPU
		{9AE6169C-2597-441A-A025-F0A146D7B883}.Testing|x86.ActiveCfg = Testing|Any CPU
		{9AE6169C-2597-441A-A025-F0A146D7B883}.Testing|x86.Build.0 = Testing|Any CPU
		{85D65F40-441A-4EF2-9247-996F00501568}.Debug|Any CPU.ActiveCfg = Debug|Any CPU
		{85D65F40-441A-4EF2-9247-996F00501568}.Debug|Any CPU.Build.0 = Debug|Any CPU
		{85D65F40-441A-4EF2-9247-996F00501568}.Debug|ARM.ActiveCfg = Debug|Any CPU
		{85D65F40-441A-4EF2-9247-996F00501568}.Debug|Mixed Platforms.ActiveCfg = Debug|Any CPU
		{85D65F40-441A-4EF2-9247-996F00501568}.Debug|Mixed Platforms.Build.0 = Debug|Any CPU
		{85D65F40-441A-4EF2-9247-996F00501568}.Debug|x64.ActiveCfg = Debug|Any CPU
		{85D65F40-441A-4EF2-9247-996F00501568}.Debug|x86.ActiveCfg = Debug|Any CPU
		{85D65F40-441A-4EF2-9247-996F00501568}.Debug|x86.Build.0 = Debug|Any CPU
		{85D65F40-441A-4EF2-9247-996F00501568}.Release|Any CPU.ActiveCfg = Release|Any CPU
		{85D65F40-441A-4EF2-9247-996F00501568}.Release|Any CPU.Build.0 = Release|Any CPU
		{85D65F40-441A-4EF2-9247-996F00501568}.Release|ARM.ActiveCfg = Release|Any CPU
		{85D65F40-441A-4EF2-9247-996F00501568}.Release|Mixed Platforms.ActiveCfg = Release|Any CPU
		{85D65F40-441A-4EF2-9247-996F00501568}.Release|Mixed Platforms.Build.0 = Release|Any CPU
		{85D65F40-441A-4EF2-9247-996F00501568}.Release|x64.ActiveCfg = Release|Any CPU
		{85D65F40-441A-4EF2-9247-996F00501568}.Release|x86.ActiveCfg = Release|Any CPU
		{85D65F40-441A-4EF2-9247-996F00501568}.Release|x86.Build.0 = Release|Any CPU
		{85D65F40-441A-4EF2-9247-996F00501568}.Testing|Any CPU.ActiveCfg = Testing|Any CPU
		{85D65F40-441A-4EF2-9247-996F00501568}.Testing|Any CPU.Build.0 = Testing|Any CPU
		{85D65F40-441A-4EF2-9247-996F00501568}.Testing|ARM.ActiveCfg = Testing|Any CPU
		{85D65F40-441A-4EF2-9247-996F00501568}.Testing|Mixed Platforms.ActiveCfg = Debug|Any CPU
		{85D65F40-441A-4EF2-9247-996F00501568}.Testing|Mixed Platforms.Build.0 = Debug|Any CPU
		{85D65F40-441A-4EF2-9247-996F00501568}.Testing|x64.ActiveCfg = Testing|Any CPU
		{85D65F40-441A-4EF2-9247-996F00501568}.Testing|x86.ActiveCfg = Testing|Any CPU
		{85D65F40-441A-4EF2-9247-996F00501568}.Testing|x86.Build.0 = Testing|Any CPU
		{9CBB8297-ECB1-4004-8783-9D2950705163}.Debug|Any CPU.ActiveCfg = Debug|Any CPU
		{9CBB8297-ECB1-4004-8783-9D2950705163}.Debug|Any CPU.Build.0 = Debug|Any CPU
		{9CBB8297-ECB1-4004-8783-9D2950705163}.Debug|ARM.ActiveCfg = Debug|Any CPU
		{9CBB8297-ECB1-4004-8783-9D2950705163}.Debug|Mixed Platforms.ActiveCfg = Debug|Any CPU
		{9CBB8297-ECB1-4004-8783-9D2950705163}.Debug|Mixed Platforms.Build.0 = Debug|Any CPU
		{9CBB8297-ECB1-4004-8783-9D2950705163}.Debug|x64.ActiveCfg = Debug|Any CPU
		{9CBB8297-ECB1-4004-8783-9D2950705163}.Debug|x86.ActiveCfg = Debug|Any CPU
		{9CBB8297-ECB1-4004-8783-9D2950705163}.Debug|x86.Build.0 = Debug|Any CPU
		{9CBB8297-ECB1-4004-8783-9D2950705163}.Release|Any CPU.ActiveCfg = Release|Any CPU
		{9CBB8297-ECB1-4004-8783-9D2950705163}.Release|Any CPU.Build.0 = Release|Any CPU
		{9CBB8297-ECB1-4004-8783-9D2950705163}.Release|ARM.ActiveCfg = Release|Any CPU
		{9CBB8297-ECB1-4004-8783-9D2950705163}.Release|Mixed Platforms.ActiveCfg = Release|Any CPU
		{9CBB8297-ECB1-4004-8783-9D2950705163}.Release|Mixed Platforms.Build.0 = Release|Any CPU
		{9CBB8297-ECB1-4004-8783-9D2950705163}.Release|x64.ActiveCfg = Release|Any CPU
		{9CBB8297-ECB1-4004-8783-9D2950705163}.Release|x86.ActiveCfg = Release|Any CPU
		{9CBB8297-ECB1-4004-8783-9D2950705163}.Release|x86.Build.0 = Release|Any CPU
		{9CBB8297-ECB1-4004-8783-9D2950705163}.Testing|Any CPU.ActiveCfg = Testing|Any CPU
		{9CBB8297-ECB1-4004-8783-9D2950705163}.Testing|Any CPU.Build.0 = Testing|Any CPU
		{9CBB8297-ECB1-4004-8783-9D2950705163}.Testing|ARM.ActiveCfg = Testing|Any CPU
		{9CBB8297-ECB1-4004-8783-9D2950705163}.Testing|Mixed Platforms.ActiveCfg = Debug|Any CPU
		{9CBB8297-ECB1-4004-8783-9D2950705163}.Testing|x64.ActiveCfg = Testing|Any CPU
		{9CBB8297-ECB1-4004-8783-9D2950705163}.Testing|x86.ActiveCfg = Testing|Any CPU
		{9CBB8297-ECB1-4004-8783-9D2950705163}.Testing|x86.Build.0 = Testing|Any CPU
		{B4A2B7DA-4F15-4B75-A65F-025C32564EA0}.Debug|Any CPU.ActiveCfg = Debug|Any CPU
		{B4A2B7DA-4F15-4B75-A65F-025C32564EA0}.Debug|Any CPU.Build.0 = Debug|Any CPU
		{B4A2B7DA-4F15-4B75-A65F-025C32564EA0}.Debug|ARM.ActiveCfg = Debug|Any CPU
		{B4A2B7DA-4F15-4B75-A65F-025C32564EA0}.Debug|Mixed Platforms.ActiveCfg = Debug|Any CPU
		{B4A2B7DA-4F15-4B75-A65F-025C32564EA0}.Debug|Mixed Platforms.Build.0 = Debug|Any CPU
		{B4A2B7DA-4F15-4B75-A65F-025C32564EA0}.Debug|x64.ActiveCfg = Debug|Any CPU
		{B4A2B7DA-4F15-4B75-A65F-025C32564EA0}.Debug|x86.ActiveCfg = Debug|Any CPU
		{B4A2B7DA-4F15-4B75-A65F-025C32564EA0}.Debug|x86.Build.0 = Debug|Any CPU
		{B4A2B7DA-4F15-4B75-A65F-025C32564EA0}.Release|Any CPU.ActiveCfg = Release|Any CPU
		{B4A2B7DA-4F15-4B75-A65F-025C32564EA0}.Release|Any CPU.Build.0 = Release|Any CPU
		{B4A2B7DA-4F15-4B75-A65F-025C32564EA0}.Release|ARM.ActiveCfg = Release|Any CPU
		{B4A2B7DA-4F15-4B75-A65F-025C32564EA0}.Release|Mixed Platforms.ActiveCfg = Release|Any CPU
		{B4A2B7DA-4F15-4B75-A65F-025C32564EA0}.Release|Mixed Platforms.Build.0 = Release|Any CPU
		{B4A2B7DA-4F15-4B75-A65F-025C32564EA0}.Release|x64.ActiveCfg = Release|Any CPU
		{B4A2B7DA-4F15-4B75-A65F-025C32564EA0}.Release|x86.ActiveCfg = Release|Any CPU
		{B4A2B7DA-4F15-4B75-A65F-025C32564EA0}.Release|x86.Build.0 = Release|Any CPU
		{B4A2B7DA-4F15-4B75-A65F-025C32564EA0}.Testing|Any CPU.ActiveCfg = Testing|Any CPU
		{B4A2B7DA-4F15-4B75-A65F-025C32564EA0}.Testing|Any CPU.Build.0 = Testing|Any CPU
		{B4A2B7DA-4F15-4B75-A65F-025C32564EA0}.Testing|ARM.ActiveCfg = Testing|Any CPU
		{B4A2B7DA-4F15-4B75-A65F-025C32564EA0}.Testing|Mixed Platforms.ActiveCfg = Debug|Any CPU
		{B4A2B7DA-4F15-4B75-A65F-025C32564EA0}.Testing|Mixed Platforms.Build.0 = Debug|Any CPU
		{B4A2B7DA-4F15-4B75-A65F-025C32564EA0}.Testing|x64.ActiveCfg = Testing|Any CPU
		{B4A2B7DA-4F15-4B75-A65F-025C32564EA0}.Testing|x86.ActiveCfg = Testing|Any CPU
		{B4A2B7DA-4F15-4B75-A65F-025C32564EA0}.Testing|x86.Build.0 = Testing|Any CPU
		{142A3CC8-18CA-4E20-BF46-B1A4AF9FE33B}.Debug|Any CPU.ActiveCfg = Debug|Any CPU
		{142A3CC8-18CA-4E20-BF46-B1A4AF9FE33B}.Debug|Any CPU.Build.0 = Debug|Any CPU
		{142A3CC8-18CA-4E20-BF46-B1A4AF9FE33B}.Debug|ARM.ActiveCfg = Debug|Any CPU
		{142A3CC8-18CA-4E20-BF46-B1A4AF9FE33B}.Debug|Mixed Platforms.ActiveCfg = Debug|Any CPU
		{142A3CC8-18CA-4E20-BF46-B1A4AF9FE33B}.Debug|Mixed Platforms.Build.0 = Debug|Any CPU
		{142A3CC8-18CA-4E20-BF46-B1A4AF9FE33B}.Debug|x64.ActiveCfg = Debug|Any CPU
		{142A3CC8-18CA-4E20-BF46-B1A4AF9FE33B}.Debug|x86.ActiveCfg = Debug|Any CPU
		{142A3CC8-18CA-4E20-BF46-B1A4AF9FE33B}.Debug|x86.Build.0 = Debug|Any CPU
		{142A3CC8-18CA-4E20-BF46-B1A4AF9FE33B}.Release|Any CPU.ActiveCfg = Release|Any CPU
		{142A3CC8-18CA-4E20-BF46-B1A4AF9FE33B}.Release|Any CPU.Build.0 = Release|Any CPU
		{142A3CC8-18CA-4E20-BF46-B1A4AF9FE33B}.Release|ARM.ActiveCfg = Release|Any CPU
		{142A3CC8-18CA-4E20-BF46-B1A4AF9FE33B}.Release|Mixed Platforms.ActiveCfg = Release|Any CPU
		{142A3CC8-18CA-4E20-BF46-B1A4AF9FE33B}.Release|Mixed Platforms.Build.0 = Release|Any CPU
		{142A3CC8-18CA-4E20-BF46-B1A4AF9FE33B}.Release|x64.ActiveCfg = Release|Any CPU
		{142A3CC8-18CA-4E20-BF46-B1A4AF9FE33B}.Release|x86.ActiveCfg = Release|Any CPU
		{142A3CC8-18CA-4E20-BF46-B1A4AF9FE33B}.Release|x86.Build.0 = Release|Any CPU
		{142A3CC8-18CA-4E20-BF46-B1A4AF9FE33B}.Testing|Any CPU.ActiveCfg = Release|Any CPU
		{142A3CC8-18CA-4E20-BF46-B1A4AF9FE33B}.Testing|Any CPU.Build.0 = Release|Any CPU
		{142A3CC8-18CA-4E20-BF46-B1A4AF9FE33B}.Testing|ARM.ActiveCfg = Release|Any CPU
		{142A3CC8-18CA-4E20-BF46-B1A4AF9FE33B}.Testing|Mixed Platforms.ActiveCfg = Debug|Any CPU
		{142A3CC8-18CA-4E20-BF46-B1A4AF9FE33B}.Testing|Mixed Platforms.Build.0 = Debug|Any CPU
		{142A3CC8-18CA-4E20-BF46-B1A4AF9FE33B}.Testing|x64.ActiveCfg = Release|Any CPU
		{142A3CC8-18CA-4E20-BF46-B1A4AF9FE33B}.Testing|x86.ActiveCfg = Release|Any CPU
		{142A3CC8-18CA-4E20-BF46-B1A4AF9FE33B}.Testing|x86.Build.0 = Release|Any CPU
		{6E738961-1C68-4A35-8398-078DFBA7A1DB}.Debug|Any CPU.ActiveCfg = Debug|Any CPU
		{6E738961-1C68-4A35-8398-078DFBA7A1DB}.Debug|Any CPU.Build.0 = Debug|Any CPU
		{6E738961-1C68-4A35-8398-078DFBA7A1DB}.Debug|ARM.ActiveCfg = Debug|Any CPU
		{6E738961-1C68-4A35-8398-078DFBA7A1DB}.Debug|Mixed Platforms.ActiveCfg = Debug|Any CPU
		{6E738961-1C68-4A35-8398-078DFBA7A1DB}.Debug|x64.ActiveCfg = Debug|Any CPU
		{6E738961-1C68-4A35-8398-078DFBA7A1DB}.Debug|x86.ActiveCfg = Debug|Any CPU
		{6E738961-1C68-4A35-8398-078DFBA7A1DB}.Release|Any CPU.ActiveCfg = Release|Any CPU
		{6E738961-1C68-4A35-8398-078DFBA7A1DB}.Release|Any CPU.Build.0 = Release|Any CPU
		{6E738961-1C68-4A35-8398-078DFBA7A1DB}.Release|ARM.ActiveCfg = Release|Any CPU
		{6E738961-1C68-4A35-8398-078DFBA7A1DB}.Release|Mixed Platforms.ActiveCfg = Release|Any CPU
		{6E738961-1C68-4A35-8398-078DFBA7A1DB}.Release|Mixed Platforms.Build.0 = Release|Any CPU
		{6E738961-1C68-4A35-8398-078DFBA7A1DB}.Release|x64.ActiveCfg = Release|Any CPU
		{6E738961-1C68-4A35-8398-078DFBA7A1DB}.Release|x86.ActiveCfg = Release|Any CPU
		{6E738961-1C68-4A35-8398-078DFBA7A1DB}.Testing|Any CPU.ActiveCfg = Release|Any CPU
		{6E738961-1C68-4A35-8398-078DFBA7A1DB}.Testing|Any CPU.Build.0 = Release|Any CPU
		{6E738961-1C68-4A35-8398-078DFBA7A1DB}.Testing|ARM.ActiveCfg = Release|Any CPU
		{6E738961-1C68-4A35-8398-078DFBA7A1DB}.Testing|Mixed Platforms.ActiveCfg = Debug|Any CPU
		{6E738961-1C68-4A35-8398-078DFBA7A1DB}.Testing|x64.ActiveCfg = Release|Any CPU
		{6E738961-1C68-4A35-8398-078DFBA7A1DB}.Testing|x86.ActiveCfg = Release|Any CPU
		{FB2F95CD-C73C-4524-A0CE-65E147CF8658}.Debug|Any CPU.ActiveCfg = Debug|Any CPU
		{FB2F95CD-C73C-4524-A0CE-65E147CF8658}.Debug|Any CPU.Build.0 = Debug|Any CPU
		{FB2F95CD-C73C-4524-A0CE-65E147CF8658}.Debug|ARM.ActiveCfg = Debug|Any CPU
		{FB2F95CD-C73C-4524-A0CE-65E147CF8658}.Debug|Mixed Platforms.ActiveCfg = Debug|Any CPU
		{FB2F95CD-C73C-4524-A0CE-65E147CF8658}.Debug|x64.ActiveCfg = Debug|Any CPU
		{FB2F95CD-C73C-4524-A0CE-65E147CF8658}.Debug|x86.ActiveCfg = Debug|Any CPU
		{FB2F95CD-C73C-4524-A0CE-65E147CF8658}.Release|Any CPU.ActiveCfg = Release|Any CPU
		{FB2F95CD-C73C-4524-A0CE-65E147CF8658}.Release|Any CPU.Build.0 = Release|Any CPU
		{FB2F95CD-C73C-4524-A0CE-65E147CF8658}.Release|ARM.ActiveCfg = Release|Any CPU
		{FB2F95CD-C73C-4524-A0CE-65E147CF8658}.Release|Mixed Platforms.ActiveCfg = Release|Any CPU
		{FB2F95CD-C73C-4524-A0CE-65E147CF8658}.Release|Mixed Platforms.Build.0 = Release|Any CPU
		{FB2F95CD-C73C-4524-A0CE-65E147CF8658}.Release|x64.ActiveCfg = Release|Any CPU
		{FB2F95CD-C73C-4524-A0CE-65E147CF8658}.Release|x86.ActiveCfg = Release|Any CPU
		{FB2F95CD-C73C-4524-A0CE-65E147CF8658}.Testing|Any CPU.ActiveCfg = Release|Any CPU
		{FB2F95CD-C73C-4524-A0CE-65E147CF8658}.Testing|Any CPU.Build.0 = Release|Any CPU
		{FB2F95CD-C73C-4524-A0CE-65E147CF8658}.Testing|ARM.ActiveCfg = Release|Any CPU
		{FB2F95CD-C73C-4524-A0CE-65E147CF8658}.Testing|Mixed Platforms.ActiveCfg = Debug|Any CPU
		{FB2F95CD-C73C-4524-A0CE-65E147CF8658}.Testing|x64.ActiveCfg = Release|Any CPU
		{FB2F95CD-C73C-4524-A0CE-65E147CF8658}.Testing|x86.ActiveCfg = Release|Any CPU
		{1006BA6A-696F-49A3-BEA6-DD5B9060993B}.Debug|Any CPU.ActiveCfg = Debug|Any CPU
		{1006BA6A-696F-49A3-BEA6-DD5B9060993B}.Debug|Any CPU.Build.0 = Debug|Any CPU
		{1006BA6A-696F-49A3-BEA6-DD5B9060993B}.Debug|ARM.ActiveCfg = Debug|Any CPU
		{1006BA6A-696F-49A3-BEA6-DD5B9060993B}.Debug|Mixed Platforms.ActiveCfg = Debug|Any CPU
		{1006BA6A-696F-49A3-BEA6-DD5B9060993B}.Debug|Mixed Platforms.Build.0 = Debug|Any CPU
		{1006BA6A-696F-49A3-BEA6-DD5B9060993B}.Debug|x64.ActiveCfg = Debug|Any CPU
		{1006BA6A-696F-49A3-BEA6-DD5B9060993B}.Debug|x86.ActiveCfg = Debug|Any CPU
		{1006BA6A-696F-49A3-BEA6-DD5B9060993B}.Release|Any CPU.ActiveCfg = Release|Any CPU
		{1006BA6A-696F-49A3-BEA6-DD5B9060993B}.Release|Any CPU.Build.0 = Release|Any CPU
		{1006BA6A-696F-49A3-BEA6-DD5B9060993B}.Release|ARM.ActiveCfg = Release|Any CPU
		{1006BA6A-696F-49A3-BEA6-DD5B9060993B}.Release|Mixed Platforms.ActiveCfg = Release|Any CPU
		{1006BA6A-696F-49A3-BEA6-DD5B9060993B}.Release|Mixed Platforms.Build.0 = Release|Any CPU
		{1006BA6A-696F-49A3-BEA6-DD5B9060993B}.Release|x64.ActiveCfg = Release|Any CPU
		{1006BA6A-696F-49A3-BEA6-DD5B9060993B}.Release|x86.ActiveCfg = Release|Any CPU
		{1006BA6A-696F-49A3-BEA6-DD5B9060993B}.Testing|Any CPU.ActiveCfg = Testing|Any CPU
		{1006BA6A-696F-49A3-BEA6-DD5B9060993B}.Testing|Any CPU.Build.0 = Testing|Any CPU
		{1006BA6A-696F-49A3-BEA6-DD5B9060993B}.Testing|ARM.ActiveCfg = Testing|Any CPU
		{1006BA6A-696F-49A3-BEA6-DD5B9060993B}.Testing|Mixed Platforms.ActiveCfg = Debug|Any CPU
		{1006BA6A-696F-49A3-BEA6-DD5B9060993B}.Testing|Mixed Platforms.Build.0 = Debug|Any CPU
		{1006BA6A-696F-49A3-BEA6-DD5B9060993B}.Testing|x64.ActiveCfg = Testing|Any CPU
		{1006BA6A-696F-49A3-BEA6-DD5B9060993B}.Testing|x86.ActiveCfg = Testing|Any CPU
		{C8EE53F8-2D06-4AB3-AF2E-908CCBADB663}.Debug|Any CPU.ActiveCfg = Debug|Any CPU
		{C8EE53F8-2D06-4AB3-AF2E-908CCBADB663}.Debug|Any CPU.Build.0 = Debug|Any CPU
		{C8EE53F8-2D06-4AB3-AF2E-908CCBADB663}.Debug|ARM.ActiveCfg = Debug|Any CPU
		{C8EE53F8-2D06-4AB3-AF2E-908CCBADB663}.Debug|Mixed Platforms.ActiveCfg = Debug|Any CPU
		{C8EE53F8-2D06-4AB3-AF2E-908CCBADB663}.Debug|Mixed Platforms.Build.0 = Debug|Any CPU
		{C8EE53F8-2D06-4AB3-AF2E-908CCBADB663}.Debug|x64.ActiveCfg = Debug|Any CPU
		{C8EE53F8-2D06-4AB3-AF2E-908CCBADB663}.Debug|x86.ActiveCfg = Debug|Any CPU
		{C8EE53F8-2D06-4AB3-AF2E-908CCBADB663}.Release|Any CPU.ActiveCfg = Release|Any CPU
		{C8EE53F8-2D06-4AB3-AF2E-908CCBADB663}.Release|Any CPU.Build.0 = Release|Any CPU
		{C8EE53F8-2D06-4AB3-AF2E-908CCBADB663}.Release|ARM.ActiveCfg = Release|Any CPU
		{C8EE53F8-2D06-4AB3-AF2E-908CCBADB663}.Release|Mixed Platforms.ActiveCfg = Release|Any CPU
		{C8EE53F8-2D06-4AB3-AF2E-908CCBADB663}.Release|Mixed Platforms.Build.0 = Release|Any CPU
		{C8EE53F8-2D06-4AB3-AF2E-908CCBADB663}.Release|x64.ActiveCfg = Release|Any CPU
		{C8EE53F8-2D06-4AB3-AF2E-908CCBADB663}.Release|x86.ActiveCfg = Release|Any CPU
		{C8EE53F8-2D06-4AB3-AF2E-908CCBADB663}.Testing|Any CPU.ActiveCfg = Testing|Any CPU
		{C8EE53F8-2D06-4AB3-AF2E-908CCBADB663}.Testing|Any CPU.Build.0 = Testing|Any CPU
		{C8EE53F8-2D06-4AB3-AF2E-908CCBADB663}.Testing|ARM.ActiveCfg = Testing|Any CPU
		{C8EE53F8-2D06-4AB3-AF2E-908CCBADB663}.Testing|Mixed Platforms.ActiveCfg = Debug|Any CPU
		{C8EE53F8-2D06-4AB3-AF2E-908CCBADB663}.Testing|Mixed Platforms.Build.0 = Debug|Any CPU
		{C8EE53F8-2D06-4AB3-AF2E-908CCBADB663}.Testing|x64.ActiveCfg = Testing|Any CPU
		{C8EE53F8-2D06-4AB3-AF2E-908CCBADB663}.Testing|x86.ActiveCfg = Testing|Any CPU
		{8C1D922C-F8EE-43CF-B7CF-F75FFF37156A}.Debug|Any CPU.ActiveCfg = Debug|Any CPU
		{8C1D922C-F8EE-43CF-B7CF-F75FFF37156A}.Debug|Any CPU.Build.0 = Debug|Any CPU
		{8C1D922C-F8EE-43CF-B7CF-F75FFF37156A}.Debug|ARM.ActiveCfg = Debug|Any CPU
		{8C1D922C-F8EE-43CF-B7CF-F75FFF37156A}.Debug|Mixed Platforms.ActiveCfg = Debug|Any CPU
		{8C1D922C-F8EE-43CF-B7CF-F75FFF37156A}.Debug|Mixed Platforms.Build.0 = Debug|Any CPU
		{8C1D922C-F8EE-43CF-B7CF-F75FFF37156A}.Debug|x64.ActiveCfg = Debug|Any CPU
		{8C1D922C-F8EE-43CF-B7CF-F75FFF37156A}.Debug|x86.ActiveCfg = Debug|Any CPU
		{8C1D922C-F8EE-43CF-B7CF-F75FFF37156A}.Release|Any CPU.ActiveCfg = Release|Any CPU
		{8C1D922C-F8EE-43CF-B7CF-F75FFF37156A}.Release|Any CPU.Build.0 = Release|Any CPU
		{8C1D922C-F8EE-43CF-B7CF-F75FFF37156A}.Release|ARM.ActiveCfg = Release|Any CPU
		{8C1D922C-F8EE-43CF-B7CF-F75FFF37156A}.Release|Mixed Platforms.ActiveCfg = Release|Any CPU
		{8C1D922C-F8EE-43CF-B7CF-F75FFF37156A}.Release|Mixed Platforms.Build.0 = Release|Any CPU
		{8C1D922C-F8EE-43CF-B7CF-F75FFF37156A}.Release|x64.ActiveCfg = Release|Any CPU
		{8C1D922C-F8EE-43CF-B7CF-F75FFF37156A}.Release|x86.ActiveCfg = Release|Any CPU
		{8C1D922C-F8EE-43CF-B7CF-F75FFF37156A}.Testing|Any CPU.ActiveCfg = Testing|Any CPU
		{8C1D922C-F8EE-43CF-B7CF-F75FFF37156A}.Testing|Any CPU.Build.0 = Testing|Any CPU
		{8C1D922C-F8EE-43CF-B7CF-F75FFF37156A}.Testing|ARM.ActiveCfg = Testing|Any CPU
		{8C1D922C-F8EE-43CF-B7CF-F75FFF37156A}.Testing|Mixed Platforms.ActiveCfg = Debug|Any CPU
		{8C1D922C-F8EE-43CF-B7CF-F75FFF37156A}.Testing|Mixed Platforms.Build.0 = Debug|Any CPU
		{8C1D922C-F8EE-43CF-B7CF-F75FFF37156A}.Testing|x64.ActiveCfg = Testing|Any CPU
		{8C1D922C-F8EE-43CF-B7CF-F75FFF37156A}.Testing|x86.ActiveCfg = Testing|Any CPU
		{3E39194C-CC95-4A72-83D1-02C8572D2804}.Debug|Any CPU.ActiveCfg = Debug|Any CPU
		{3E39194C-CC95-4A72-83D1-02C8572D2804}.Debug|Any CPU.Build.0 = Debug|Any CPU
		{3E39194C-CC95-4A72-83D1-02C8572D2804}.Debug|ARM.ActiveCfg = Debug|Any CPU
		{3E39194C-CC95-4A72-83D1-02C8572D2804}.Debug|Mixed Platforms.ActiveCfg = Debug|Any CPU
		{3E39194C-CC95-4A72-83D1-02C8572D2804}.Debug|Mixed Platforms.Build.0 = Debug|Any CPU
		{3E39194C-CC95-4A72-83D1-02C8572D2804}.Debug|x64.ActiveCfg = Debug|Any CPU
		{3E39194C-CC95-4A72-83D1-02C8572D2804}.Debug|x86.ActiveCfg = Debug|Any CPU
		{3E39194C-CC95-4A72-83D1-02C8572D2804}.Release|Any CPU.ActiveCfg = Release|Any CPU
		{3E39194C-CC95-4A72-83D1-02C8572D2804}.Release|Any CPU.Build.0 = Release|Any CPU
		{3E39194C-CC95-4A72-83D1-02C8572D2804}.Release|ARM.ActiveCfg = Release|Any CPU
		{3E39194C-CC95-4A72-83D1-02C8572D2804}.Release|Mixed Platforms.ActiveCfg = Release|Any CPU
		{3E39194C-CC95-4A72-83D1-02C8572D2804}.Release|Mixed Platforms.Build.0 = Release|Any CPU
		{3E39194C-CC95-4A72-83D1-02C8572D2804}.Release|x64.ActiveCfg = Release|Any CPU
		{3E39194C-CC95-4A72-83D1-02C8572D2804}.Release|x86.ActiveCfg = Release|Any CPU
		{3E39194C-CC95-4A72-83D1-02C8572D2804}.Testing|Any CPU.ActiveCfg = Testing|Any CPU
		{3E39194C-CC95-4A72-83D1-02C8572D2804}.Testing|Any CPU.Build.0 = Testing|Any CPU
		{3E39194C-CC95-4A72-83D1-02C8572D2804}.Testing|ARM.ActiveCfg = Testing|Any CPU
		{3E39194C-CC95-4A72-83D1-02C8572D2804}.Testing|Mixed Platforms.ActiveCfg = Debug|Any CPU
		{3E39194C-CC95-4A72-83D1-02C8572D2804}.Testing|Mixed Platforms.Build.0 = Debug|Any CPU
		{3E39194C-CC95-4A72-83D1-02C8572D2804}.Testing|x64.ActiveCfg = Testing|Any CPU
		{3E39194C-CC95-4A72-83D1-02C8572D2804}.Testing|x86.ActiveCfg = Testing|Any CPU
		{9824AB54-2038-489D-97EA-176FE0F0CBA8}.Debug|Any CPU.ActiveCfg = Debug|Any CPU
		{9824AB54-2038-489D-97EA-176FE0F0CBA8}.Debug|Any CPU.Build.0 = Debug|Any CPU
		{9824AB54-2038-489D-97EA-176FE0F0CBA8}.Debug|ARM.ActiveCfg = Debug|Any CPU
		{9824AB54-2038-489D-97EA-176FE0F0CBA8}.Debug|Mixed Platforms.ActiveCfg = Debug|Any CPU
		{9824AB54-2038-489D-97EA-176FE0F0CBA8}.Debug|Mixed Platforms.Build.0 = Debug|Any CPU
		{9824AB54-2038-489D-97EA-176FE0F0CBA8}.Debug|x64.ActiveCfg = Debug|Any CPU
		{9824AB54-2038-489D-97EA-176FE0F0CBA8}.Debug|x86.ActiveCfg = Debug|Any CPU
		{9824AB54-2038-489D-97EA-176FE0F0CBA8}.Release|Any CPU.ActiveCfg = Release|Any CPU
		{9824AB54-2038-489D-97EA-176FE0F0CBA8}.Release|Any CPU.Build.0 = Release|Any CPU
		{9824AB54-2038-489D-97EA-176FE0F0CBA8}.Release|ARM.ActiveCfg = Release|Any CPU
		{9824AB54-2038-489D-97EA-176FE0F0CBA8}.Release|Mixed Platforms.ActiveCfg = Release|Any CPU
		{9824AB54-2038-489D-97EA-176FE0F0CBA8}.Release|Mixed Platforms.Build.0 = Release|Any CPU
		{9824AB54-2038-489D-97EA-176FE0F0CBA8}.Release|x64.ActiveCfg = Release|Any CPU
		{9824AB54-2038-489D-97EA-176FE0F0CBA8}.Release|x86.ActiveCfg = Release|Any CPU
		{9824AB54-2038-489D-97EA-176FE0F0CBA8}.Testing|Any CPU.ActiveCfg = Testing|Any CPU
		{9824AB54-2038-489D-97EA-176FE0F0CBA8}.Testing|Any CPU.Build.0 = Testing|Any CPU
		{9824AB54-2038-489D-97EA-176FE0F0CBA8}.Testing|ARM.ActiveCfg = Testing|Any CPU
		{9824AB54-2038-489D-97EA-176FE0F0CBA8}.Testing|Mixed Platforms.ActiveCfg = Debug|Any CPU
		{9824AB54-2038-489D-97EA-176FE0F0CBA8}.Testing|Mixed Platforms.Build.0 = Debug|Any CPU
		{9824AB54-2038-489D-97EA-176FE0F0CBA8}.Testing|x64.ActiveCfg = Testing|Any CPU
		{9824AB54-2038-489D-97EA-176FE0F0CBA8}.Testing|x86.ActiveCfg = Testing|Any CPU
		{F6A20D58-18ED-49DE-B66A-FA3D7763FD46}.Debug|Any CPU.ActiveCfg = Debug|Any CPU
		{F6A20D58-18ED-49DE-B66A-FA3D7763FD46}.Debug|Any CPU.Build.0 = Debug|Any CPU
		{F6A20D58-18ED-49DE-B66A-FA3D7763FD46}.Debug|ARM.ActiveCfg = Debug|Any CPU
		{F6A20D58-18ED-49DE-B66A-FA3D7763FD46}.Debug|Mixed Platforms.ActiveCfg = Debug|Any CPU
		{F6A20D58-18ED-49DE-B66A-FA3D7763FD46}.Debug|Mixed Platforms.Build.0 = Debug|Any CPU
		{F6A20D58-18ED-49DE-B66A-FA3D7763FD46}.Debug|x64.ActiveCfg = Debug|Any CPU
		{F6A20D58-18ED-49DE-B66A-FA3D7763FD46}.Debug|x86.ActiveCfg = Debug|Any CPU
		{F6A20D58-18ED-49DE-B66A-FA3D7763FD46}.Release|Any CPU.ActiveCfg = Release|Any CPU
		{F6A20D58-18ED-49DE-B66A-FA3D7763FD46}.Release|Any CPU.Build.0 = Release|Any CPU
		{F6A20D58-18ED-49DE-B66A-FA3D7763FD46}.Release|ARM.ActiveCfg = Release|Any CPU
		{F6A20D58-18ED-49DE-B66A-FA3D7763FD46}.Release|Mixed Platforms.ActiveCfg = Release|Any CPU
		{F6A20D58-18ED-49DE-B66A-FA3D7763FD46}.Release|Mixed Platforms.Build.0 = Release|Any CPU
		{F6A20D58-18ED-49DE-B66A-FA3D7763FD46}.Release|x64.ActiveCfg = Release|Any CPU
		{F6A20D58-18ED-49DE-B66A-FA3D7763FD46}.Release|x86.ActiveCfg = Release|Any CPU
		{F6A20D58-18ED-49DE-B66A-FA3D7763FD46}.Testing|Any CPU.ActiveCfg = Testing|Any CPU
		{F6A20D58-18ED-49DE-B66A-FA3D7763FD46}.Testing|Any CPU.Build.0 = Testing|Any CPU
		{F6A20D58-18ED-49DE-B66A-FA3D7763FD46}.Testing|ARM.ActiveCfg = Testing|Any CPU
		{F6A20D58-18ED-49DE-B66A-FA3D7763FD46}.Testing|Mixed Platforms.ActiveCfg = Debug|Any CPU
		{F6A20D58-18ED-49DE-B66A-FA3D7763FD46}.Testing|Mixed Platforms.Build.0 = Debug|Any CPU
		{F6A20D58-18ED-49DE-B66A-FA3D7763FD46}.Testing|x64.ActiveCfg = Testing|Any CPU
		{F6A20D58-18ED-49DE-B66A-FA3D7763FD46}.Testing|x86.ActiveCfg = Testing|Any CPU
		{0FD98837-4D45-46AF-AE7A-F81BF1C434BE}.Debug|Any CPU.ActiveCfg = Debug|Any CPU
		{0FD98837-4D45-46AF-AE7A-F81BF1C434BE}.Debug|Any CPU.Build.0 = Debug|Any CPU
		{0FD98837-4D45-46AF-AE7A-F81BF1C434BE}.Debug|ARM.ActiveCfg = Debug|Any CPU
		{0FD98837-4D45-46AF-AE7A-F81BF1C434BE}.Debug|Mixed Platforms.ActiveCfg = Debug|Any CPU
		{0FD98837-4D45-46AF-AE7A-F81BF1C434BE}.Debug|Mixed Platforms.Build.0 = Debug|Any CPU
		{0FD98837-4D45-46AF-AE7A-F81BF1C434BE}.Debug|x64.ActiveCfg = Debug|Any CPU
		{0FD98837-4D45-46AF-AE7A-F81BF1C434BE}.Debug|x86.ActiveCfg = Debug|Any CPU
		{0FD98837-4D45-46AF-AE7A-F81BF1C434BE}.Release|Any CPU.ActiveCfg = Release|Any CPU
		{0FD98837-4D45-46AF-AE7A-F81BF1C434BE}.Release|Any CPU.Build.0 = Release|Any CPU
		{0FD98837-4D45-46AF-AE7A-F81BF1C434BE}.Release|ARM.ActiveCfg = Release|Any CPU
		{0FD98837-4D45-46AF-AE7A-F81BF1C434BE}.Release|Mixed Platforms.ActiveCfg = Release|Any CPU
		{0FD98837-4D45-46AF-AE7A-F81BF1C434BE}.Release|Mixed Platforms.Build.0 = Release|Any CPU
		{0FD98837-4D45-46AF-AE7A-F81BF1C434BE}.Release|x64.ActiveCfg = Release|Any CPU
		{0FD98837-4D45-46AF-AE7A-F81BF1C434BE}.Release|x86.ActiveCfg = Release|Any CPU
		{0FD98837-4D45-46AF-AE7A-F81BF1C434BE}.Testing|Any CPU.ActiveCfg = Testing|Any CPU
		{0FD98837-4D45-46AF-AE7A-F81BF1C434BE}.Testing|Any CPU.Build.0 = Testing|Any CPU
		{0FD98837-4D45-46AF-AE7A-F81BF1C434BE}.Testing|ARM.ActiveCfg = Testing|Any CPU
		{0FD98837-4D45-46AF-AE7A-F81BF1C434BE}.Testing|Mixed Platforms.ActiveCfg = Debug|Any CPU
		{0FD98837-4D45-46AF-AE7A-F81BF1C434BE}.Testing|x64.ActiveCfg = Testing|Any CPU
		{0FD98837-4D45-46AF-AE7A-F81BF1C434BE}.Testing|x86.ActiveCfg = Testing|Any CPU
		{F27F89E6-F2D2-46F8-8C9B-467FD9EE8333}.Debug|Any CPU.ActiveCfg = Debug|Any CPU
		{F27F89E6-F2D2-46F8-8C9B-467FD9EE8333}.Debug|Any CPU.Build.0 = Debug|Any CPU
		{F27F89E6-F2D2-46F8-8C9B-467FD9EE8333}.Debug|ARM.ActiveCfg = Debug|Any CPU
		{F27F89E6-F2D2-46F8-8C9B-467FD9EE8333}.Debug|Mixed Platforms.ActiveCfg = Debug|Any CPU
		{F27F89E6-F2D2-46F8-8C9B-467FD9EE8333}.Debug|Mixed Platforms.Build.0 = Debug|Any CPU
		{F27F89E6-F2D2-46F8-8C9B-467FD9EE8333}.Debug|x64.ActiveCfg = Debug|Any CPU
		{F27F89E6-F2D2-46F8-8C9B-467FD9EE8333}.Debug|x86.ActiveCfg = Debug|Any CPU
		{F27F89E6-F2D2-46F8-8C9B-467FD9EE8333}.Release|Any CPU.ActiveCfg = Release|Any CPU
		{F27F89E6-F2D2-46F8-8C9B-467FD9EE8333}.Release|Any CPU.Build.0 = Release|Any CPU
		{F27F89E6-F2D2-46F8-8C9B-467FD9EE8333}.Release|ARM.ActiveCfg = Release|Any CPU
		{F27F89E6-F2D2-46F8-8C9B-467FD9EE8333}.Release|Mixed Platforms.ActiveCfg = Release|Any CPU
		{F27F89E6-F2D2-46F8-8C9B-467FD9EE8333}.Release|Mixed Platforms.Build.0 = Release|Any CPU
		{F27F89E6-F2D2-46F8-8C9B-467FD9EE8333}.Release|x64.ActiveCfg = Release|Any CPU
		{F27F89E6-F2D2-46F8-8C9B-467FD9EE8333}.Release|x86.ActiveCfg = Release|Any CPU
		{F27F89E6-F2D2-46F8-8C9B-467FD9EE8333}.Testing|Any CPU.ActiveCfg = Testing|Any CPU
		{F27F89E6-F2D2-46F8-8C9B-467FD9EE8333}.Testing|Any CPU.Build.0 = Testing|Any CPU
		{F27F89E6-F2D2-46F8-8C9B-467FD9EE8333}.Testing|ARM.ActiveCfg = Testing|Any CPU
		{F27F89E6-F2D2-46F8-8C9B-467FD9EE8333}.Testing|Mixed Platforms.ActiveCfg = Debug|Any CPU
		{F27F89E6-F2D2-46F8-8C9B-467FD9EE8333}.Testing|x64.ActiveCfg = Testing|Any CPU
		{F27F89E6-F2D2-46F8-8C9B-467FD9EE8333}.Testing|x86.ActiveCfg = Testing|Any CPU
		{5097E4E2-948C-48C9-9857-A035961A6CA3}.Debug|Any CPU.ActiveCfg = Debug|Any CPU
		{5097E4E2-948C-48C9-9857-A035961A6CA3}.Debug|Any CPU.Build.0 = Debug|Any CPU
		{5097E4E2-948C-48C9-9857-A035961A6CA3}.Debug|ARM.ActiveCfg = Debug|Any CPU
		{5097E4E2-948C-48C9-9857-A035961A6CA3}.Debug|Mixed Platforms.ActiveCfg = Debug|Any CPU
		{5097E4E2-948C-48C9-9857-A035961A6CA3}.Debug|Mixed Platforms.Build.0 = Debug|Any CPU
		{5097E4E2-948C-48C9-9857-A035961A6CA3}.Debug|x64.ActiveCfg = Debug|Any CPU
		{5097E4E2-948C-48C9-9857-A035961A6CA3}.Debug|x86.ActiveCfg = Debug|Any CPU
		{5097E4E2-948C-48C9-9857-A035961A6CA3}.Release|Any CPU.ActiveCfg = Release|Any CPU
		{5097E4E2-948C-48C9-9857-A035961A6CA3}.Release|Any CPU.Build.0 = Release|Any CPU
		{5097E4E2-948C-48C9-9857-A035961A6CA3}.Release|ARM.ActiveCfg = Release|Any CPU
		{5097E4E2-948C-48C9-9857-A035961A6CA3}.Release|Mixed Platforms.ActiveCfg = Release|Any CPU
		{5097E4E2-948C-48C9-9857-A035961A6CA3}.Release|Mixed Platforms.Build.0 = Release|Any CPU
		{5097E4E2-948C-48C9-9857-A035961A6CA3}.Release|x64.ActiveCfg = Release|Any CPU
		{5097E4E2-948C-48C9-9857-A035961A6CA3}.Release|x86.ActiveCfg = Release|Any CPU
		{5097E4E2-948C-48C9-9857-A035961A6CA3}.Testing|Any CPU.ActiveCfg = Testing|Any CPU
		{5097E4E2-948C-48C9-9857-A035961A6CA3}.Testing|Any CPU.Build.0 = Testing|Any CPU
		{5097E4E2-948C-48C9-9857-A035961A6CA3}.Testing|ARM.ActiveCfg = Testing|Any CPU
		{5097E4E2-948C-48C9-9857-A035961A6CA3}.Testing|Mixed Platforms.ActiveCfg = Debug|Any CPU
		{5097E4E2-948C-48C9-9857-A035961A6CA3}.Testing|Mixed Platforms.Build.0 = Debug|Any CPU
		{5097E4E2-948C-48C9-9857-A035961A6CA3}.Testing|x64.ActiveCfg = Testing|Any CPU
		{5097E4E2-948C-48C9-9857-A035961A6CA3}.Testing|x86.ActiveCfg = Testing|Any CPU
	EndGlobalSection
	GlobalSection(SolutionProperties) = preSolution
		HideSolutionNode = FALSE
	EndGlobalSection
	GlobalSection(NestedProjects) = preSolution
		{913719C1-AB84-4D23-A9D0-4637A5B14CFA} = {461BB9C7-BB16-4830-B6D7-FC10560277B5}
		{487769FA-61D3-4D08-BF26-605444CB091B} = {461BB9C7-BB16-4830-B6D7-FC10560277B5}
		{12191B6E-B491-4398-83D2-4878ECBDAFD1} = {461BB9C7-BB16-4830-B6D7-FC10560277B5}
		{9AE6169C-2597-441A-A025-F0A146D7B883} = {7C76C25B-0B49-4C55-8DB5-E24283A366AA}
		{85D65F40-441A-4EF2-9247-996F00501568} = {461BB9C7-BB16-4830-B6D7-FC10560277B5}
		{9CBB8297-ECB1-4004-8783-9D2950705163} = {7C76C25B-0B49-4C55-8DB5-E24283A366AA}
		{142A3CC8-18CA-4E20-BF46-B1A4AF9FE33B} = {7C76C25B-0B49-4C55-8DB5-E24283A366AA}
		{1006BA6A-696F-49A3-BEA6-DD5B9060993B} = {7C76C25B-0B49-4C55-8DB5-E24283A366AA}
		{C8EE53F8-2D06-4AB3-AF2E-908CCBADB663} = {9BA721C9-C562-442A-A3AE-3AB0AC387BC6}
		{8C1D922C-F8EE-43CF-B7CF-F75FFF37156A} = {9BA721C9-C562-442A-A3AE-3AB0AC387BC6}
		{3E39194C-CC95-4A72-83D1-02C8572D2804} = {9BA721C9-C562-442A-A3AE-3AB0AC387BC6}
		{9824AB54-2038-489D-97EA-176FE0F0CBA8} = {9BA721C9-C562-442A-A3AE-3AB0AC387BC6}
		{F6A20D58-18ED-49DE-B66A-FA3D7763FD46} = {9BA721C9-C562-442A-A3AE-3AB0AC387BC6}
		{0FD98837-4D45-46AF-AE7A-F81BF1C434BE} = {9BA721C9-C562-442A-A3AE-3AB0AC387BC6}
		{F27F89E6-F2D2-46F8-8C9B-467FD9EE8333} = {9BA721C9-C562-442A-A3AE-3AB0AC387BC6}
		{5097E4E2-948C-48C9-9857-A035961A6CA3} = {9BA721C9-C562-442A-A3AE-3AB0AC387BC6}
	EndGlobalSection
	GlobalSection(ExtensibilityGlobals) = postSolution
		EnterpriseLibraryConfigurationToolBinariesPath = packages\Unity.2.1.505.0\lib\NET35;packages\Unity.2.1.505.2\lib\NET35
	EndGlobalSection
	GlobalSection(HgVSProperties) = preSolution
		SolutionIsControlled = True
		SolutionBindings = <Solution Location In Database>
	EndGlobalSection
	GlobalSection(TestCaseManagementSettings) = postSolution
		CategoryFile = RioValleyChili.vsmdi
	EndGlobalSection
EndGlobal
